
Microsoft Visual Studio Solution File, Format Version 12.00
# Visual Studio 15
VisualStudioVersion = 15.0.28010.2046
MinimumVisualStudioVersion = 10.0.40219.1
Project("{9A19103F-16F7-4668-BE54-9A1E7A4F7556}") = "GitHubAzureBetterTogether", "GitHubAzureBetterTogether.csproj", "{A009C1BF-FEEF-4732-B232-B300DA4B78A1}"
EndProject
Global
	GlobalSection(SolutionConfigurationPlatforms) = preSolution
		Debug|Any CPU = Debug|Any CPU
		Release|Any CPU = Release|Any CPU
	EndGlobalSection
	GlobalSection(ProjectConfigurationPlatforms) = postSolution
		{A009C1BF-FEEF-4732-B232-B300DA4B78A1}.Debug|Any CPU.ActiveCfg = Debug|Any CPU
		{A009C1BF-FEEF-4732-B232-B300DA4B78A1}.Debug|Any CPU.Build.0 = Debug|Any CPU
		{A009C1BF-FEEF-4732-B232-B300DA4B78A1}.Release|Any CPU.ActiveCfg = Release|Any CPU
		{A009C1BF-FEEF-4732-B232-B300DA4B78A1}.Release|Any CPU.Build.0 = Release|Any CPU
	EndGlobalSection
	GlobalSection(SolutionProperties) = preSolution
		HideSolutionNode = FALSE
	EndGlobalSection
	GlobalSection(ExtensibilityGlobals) = postSolution
		SolutionGuid = {F91E1B5E-7282-4F68-B0DE-3BB4E9E81693}
	EndGlobalSection
EndGlobal
